// !$*UTF8*$!
{
	archiveVersion = 1;
	classes = {
	};
	objectVersion = 56;
	objects = {

/* Begin PBXBuildFile section */
		9AB50F1929DE8F4D00419B14 /* AppDelegate.swift in Sources */ = {isa = PBXBuildFile; fileRef = 9AB50F1829DE8F4D00419B14 /* AppDelegate.swift */; };
		9AB50F1B29DE8F4D00419B14 /* SceneDelegate.swift in Sources */ = {isa = PBXBuildFile; fileRef = 9AB50F1A29DE8F4D00419B14 /* SceneDelegate.swift */; };
		9AB50F1D29DE8F4D00419B14 /* ViewController.swift in Sources */ = {isa = PBXBuildFile; fileRef = 9AB50F1C29DE8F4D00419B14 /* ViewController.swift */; };
		9AB50F2029DE8F4D00419B14 /* Main.storyboard in Resources */ = {isa = PBXBuildFile; fileRef = 9AB50F1E29DE8F4D00419B14 /* Main.storyboard */; };
		9AB50F2229DE8F4F00419B14 /* Assets.xcassets in Resources */ = {isa = PBXBuildFile; fileRef = 9AB50F2129DE8F4F00419B14 /* Assets.xcassets */; };
		9AB50F2529DE8F4F00419B14 /* LaunchScreen.storyboard in Resources */ = {isa = PBXBuildFile; fileRef = 9AB50F2329DE8F4F00419B14 /* LaunchScreen.storyboard */; };
		9AB50F3029DE927600419B14 /* ProductModel.swift in Sources */ = {isa = PBXBuildFile; fileRef = 9AB50F2F29DE927600419B14 /* ProductModel.swift */; };
		9AB50F3329DE978900419B14 /* APICaller.swift in Sources */ = {isa = PBXBuildFile; fileRef = 9AB50F3229DE978900419B14 /* APICaller.swift */; };
		9AB50F3D29DEA73A00419B14 /* Kingfisher in Frameworks */ = {isa = PBXBuildFile; productRef = 9AB50F3C29DEA73A00419B14 /* Kingfisher */; };
		9AB50F4029DEA7A600419B14 /* ProductCollectionViewCell.swift in Sources */ = {isa = PBXBuildFile; fileRef = 9AB50F3E29DEA7A600419B14 /* ProductCollectionViewCell.swift */; };
		9AB50F4129DEA7A600419B14 /* ProductCollectionViewCell.xib in Resources */ = {isa = PBXBuildFile; fileRef = 9AB50F3F29DEA7A600419B14 /* ProductCollectionViewCell.xib */; };
/* End PBXBuildFile section */

/* Begin PBXFileReference section */
		9AB50F1529DE8F4D00419B14 /* ImageLoader.app */ = {isa = PBXFileReference; explicitFileType = wrapper.application; includeInIndex = 0; path = ImageLoader.app; sourceTree = BUILT_PRODUCTS_DIR; };
		9AB50F1829DE8F4D00419B14 /* AppDelegate.swift */ = {isa = PBXFileReference; lastKnownFileType = sourcecode.swift; path = AppDelegate.swift; sourceTree = "<group>"; };
		9AB50F1A29DE8F4D00419B14 /* SceneDelegate.swift */ = {isa = PBXFileReference; lastKnownFileType = sourcecode.swift; path = SceneDelegate.swift; sourceTree = "<group>"; };
		9AB50F1C29DE8F4D00419B14 /* ViewController.swift */ = {isa = PBXFileReference; lastKnownFileType = sourcecode.swift; path = ViewController.swift; sourceTree = "<group>"; };
		9AB50F1F29DE8F4D00419B14 /* Base */ = {isa = PBXFileReference; lastKnownFileType = file.storyboard; name = Base; path = Base.lproj/Main.storyboard; sourceTree = "<group>"; };
		9AB50F2129DE8F4F00419B14 /* Assets.xcassets */ = {isa = PBXFileReference; lastKnownFileType = folder.assetcatalog; path = Assets.xcassets; sourceTree = "<group>"; };
		9AB50F2429DE8F4F00419B14 /* Base */ = {isa = PBXFileReference; lastKnownFileType = file.storyboard; name = Base; path = Base.lproj/LaunchScreen.storyboard; sourceTree = "<group>"; };
		9AB50F2629DE8F4F00419B14 /* Info.plist */ = {isa = PBXFileReference; lastKnownFileType = text.plist.xml; path = Info.plist; sourceTree = "<group>"; };
		9AB50F2F29DE927600419B14 /* ProductModel.swift */ = {isa = PBXFileReference; lastKnownFileType = sourcecode.swift; path = ProductModel.swift; sourceTree = "<group>"; };
		9AB50F3229DE978900419B14 /* APICaller.swift */ = {isa = PBXFileReference; lastKnownFileType = sourcecode.swift; path = APICaller.swift; sourceTree = "<group>"; };
		9AB50F3E29DEA7A600419B14 /* ProductCollectionViewCell.swift */ = {isa = PBXFileReference; lastKnownFileType = sourcecode.swift; path = ProductCollectionViewCell.swift; sourceTree = "<group>"; };
		9AB50F3F29DEA7A600419B14 /* ProductCollectionViewCell.xib */ = {isa = PBXFileReference; lastKnownFileType = file.xib; path = ProductCollectionViewCell.xib; sourceTree = "<group>"; };
/* End PBXFileReference section */

/* Begin PBXFrameworksBuildPhase section */
		9AB50F1229DE8F4D00419B14 /* Frameworks */ = {
			isa = PBXFrameworksBuildPhase;
			buildActionMask = 2147483647;
			files = (
				9AB50F3D29DEA73A00419B14 /* Kingfisher in Frameworks */,
			);
			runOnlyForDeploymentPostprocessing = 0;
		};
/* End PBXFrameworksBuildPhase section */

/* Begin PBXGroup section */
		9AB50F0C29DE8F4D00419B14 = {
			isa = PBXGroup;
			children = (
				9AB50F1729DE8F4D00419B14 /* ImageLoader */,
				9AB50F1629DE8F4D00419B14 /* Products */,
			);
			sourceTree = "<group>";
		};
		9AB50F1629DE8F4D00419B14 /* Products */ = {
			isa = PBXGroup;
			children = (
				9AB50F1529DE8F4D00419B14 /* ImageLoader.app */,
			);
			name = Products;
			sourceTree = "<group>";
		};
		9AB50F1729DE8F4D00419B14 /* ImageLoader */ = {
			isa = PBXGroup;
			children = (
				9AB50F3629DE9E8B00419B14 /* Cell */,
				9AB50F3129DE976600419B14 /* APICaller */,
				9AB50F2E29DE925300419B14 /* ProductModel */,
				9AB50F2D29DE924300419B14 /* Views */,
				9AB50F2C29DE922D00419B14 /* Resources */,
				9AB50F1E29DE8F4D00419B14 /* Main.storyboard */,
				9AB50F2129DE8F4F00419B14 /* Assets.xcassets */,
				9AB50F2329DE8F4F00419B14 /* LaunchScreen.storyboard */,
				9AB50F2629DE8F4F00419B14 /* Info.plist */,
			);
			path = ImageLoader;
			sourceTree = "<group>";
		};
		9AB50F2C29DE922D00419B14 /* Resources */ = {
			isa = PBXGroup;
			children = (
				9AB50F1829DE8F4D00419B14 /* AppDelegate.swift */,
				9AB50F1A29DE8F4D00419B14 /* SceneDelegate.swift */,
			);
			path = Resources;
			sourceTree = "<group>";
		};
		9AB50F2D29DE924300419B14 /* Views */ = {
			isa = PBXGroup;
			children = (
				9AB50F1C29DE8F4D00419B14 /* ViewController.swift */,
			);
			path = Views;
			sourceTree = "<group>";
		};
		9AB50F2E29DE925300419B14 /* ProductModel */ = {
			isa = PBXGroup;
			children = (
				9AB50F2F29DE927600419B14 /* ProductModel.swift */,
			);
			path = ProductModel;
			sourceTree = "<group>";
		};
		9AB50F3129DE976600419B14 /* APICaller */ = {
			isa = PBXGroup;
			children = (
				9AB50F3229DE978900419B14 /* APICaller.swift */,
			);
			path = APICaller;
			sourceTree = "<group>";
		};
		9AB50F3629DE9E8B00419B14 /* Cell */ = {
			isa = PBXGroup;
			children = (
				9AB50F3E29DEA7A600419B14 /* ProductCollectionViewCell.swift */,
				9AB50F3F29DEA7A600419B14 /* ProductCollectionViewCell.xib */,
			);
			path = Cell;
			sourceTree = "<group>";
		};
/* End PBXGroup section */

/* Begin PBXNativeTarget section */
		9AB50F1429DE8F4D00419B14 /* ImageLoader */ = {
			isa = PBXNativeTarget;
			buildConfigurationList = 9AB50F2929DE8F4F00419B14 /* Build configuration list for PBXNativeTarget "ImageLoader" */;
			buildPhases = (
				9AB50F1129DE8F4D00419B14 /* Sources */,
				9AB50F1229DE8F4D00419B14 /* Frameworks */,
				9AB50F1329DE8F4D00419B14 /* Resources */,
			);
			buildRules = (
			);
			dependencies = (
			);
			name = ImageLoader;
			packageProductDependencies = (
				9AB50F3C29DEA73A00419B14 /* Kingfisher */,
			);
			productName = ImageLoader;
			productReference = 9AB50F1529DE8F4D00419B14 /* ImageLoader.app */;
			productType = "com.apple.product-type.application";
		};
/* End PBXNativeTarget section */

/* Begin PBXProject section */
		9AB50F0D29DE8F4D00419B14 /* Project object */ = {
			isa = PBXProject;
			attributes = {
				BuildIndependentTargetsInParallel = 1;
				LastSwiftUpdateCheck = 1420;
				LastUpgradeCheck = 1420;
				TargetAttributes = {
					9AB50F1429DE8F4D00419B14 = {
						CreatedOnToolsVersion = 14.2;
					};
				};
			};
			buildConfigurationList = 9AB50F1029DE8F4D00419B14 /* Build configuration list for PBXProject "ImageLoader" */;
			compatibilityVersion = "Xcode 14.0";
			developmentRegion = en;
			hasScannedForEncodings = 0;
			knownRegions = (
				en,
				Base,
			);
			mainGroup = 9AB50F0C29DE8F4D00419B14;
			packageReferences = (
				9AB50F3B29DEA73A00419B14 /* XCRemoteSwiftPackageReference "Kingfisher" */,
			);
			productRefGroup = 9AB50F1629DE8F4D00419B14 /* Products */;
			projectDirPath = "";
			projectRoot = "";
			targets = (
				9AB50F1429DE8F4D00419B14 /* ImageLoader */,
			);
		};
/* End PBXProject section */

/* Begin PBXResourcesBuildPhase section */
		9AB50F1329DE8F4D00419B14 /* Resources */ = {
			isa = PBXResourcesBuildPhase;
			buildActionMask = 2147483647;
			files = (
				9AB50F2529DE8F4F00419B14 /* LaunchScreen.storyboard in Resources */,
				9AB50F2229DE8F4F00419B14 /* Assets.xcassets in Resources */,
				9AB50F4129DEA7A600419B14 /* ProductCollectionViewCell.xib in Resources */,
				9AB50F2029DE8F4D00419B14 /* Main.storyboard in Resources */,
			);
			runOnlyForDeploymentPostprocessing = 0;
		};
/* End PBXResourcesBuildPhase section */

/* Begin PBXSourcesBuildPhase section */
		9AB50F1129DE8F4D00419B14 /* Sources */ = {
			isa = PBXSourcesBuildPhase;
			buildActionMask = 2147483647;
			files = (
				9AB50F1D29DE8F4D00419B14 /* ViewController.swift in Sources */,
				9AB50F1929DE8F4D00419B14 /* AppDelegate.swift in Sources */,
				9AB50F1B29DE8F4D00419B14 /* SceneDelegate.swift in Sources */,
				9AB50F3329DE978900419B14 /* APICaller.swift in Sources */,
				9AB50F4029DEA7A600419B14 /* ProductCollectionViewCell.swift in Sources */,
				9AB50F3029DE927600419B14 /* ProductModel.swift in Sources */,
			);
			runOnlyForDeploymentPostprocessing = 0;
		};
/* End PBXSourcesBuildPhase section */

/* Begin PBXVariantGroup section */
		9AB50F1E29DE8F4D00419B14 /* Main.storyboard */ = {
			isa = PBXVariantGroup;
			children = (
				9AB50F1F29DE8F4D00419B14 /* Base */,
			);
			name = Main.storyboard;
			sourceTree = "<group>";
		};
		9AB50F2329DE8F4F00419B14 /* LaunchScreen.storyboard */ = {
			isa = PBXVariantGroup;
			children = (
				9AB50F2429DE8F4F00419B14 /* Base */,
			);
			name = LaunchScreen.storyboard;
			sourceTree = "<group>";
		};
/* End PBXVariantGroup section */

/* Begin XCBuildConfiguration section */
		9AB50F2729DE8F4F00419B14 /* Debug */ = {
			isa = XCBuildConfiguration;
			buildSettings = {
				ALWAYS_SEARCH_USER_PATHS = NO;
				CLANG_ANALYZER_NONNULL = YES;
				CLANG_ANALYZER_NUMBER_OBJECT_CONVERSION = YES_AGGRESSIVE;
				CLANG_CXX_LANGUAGE_STANDARD = "gnu++20";
				CLANG_ENABLE_MODULES = YES;
				CLANG_ENABLE_OBJC_ARC = YES;
				CLANG_ENABLE_OBJC_WEAK = YES;
				CLANG_WARN_BLOCK_CAPTURE_AUTORELEASING = YES;
				CLANG_WARN_BOOL_CONVERSION = YES;
				CLANG_WARN_COMMA = YES;
				CLANG_WARN_CONSTANT_CONVERSION = YES;
				CLANG_WARN_DEPRECATED_OBJC_IMPLEMENTATIONS = YES;
				CLANG_WARN_DIRECT_OBJC_ISA_USAGE = YES_ERROR;
				CLANG_WARN_DOCUMENTATION_COMMENTS = YES;
				CLANG_WARN_EMPTY_BODY = YES;
				CLANG_WARN_ENUM_CONVERSION = YES;
				CLANG_WARN_INFINITE_RECURSION = YES;
				CLANG_WARN_INT_CONVERSION = YES;
				CLANG_WARN_NON_LITERAL_NULL_CONVERSION = YES;
				CLANG_WARN_OBJC_IMPLICIT_RETAIN_SELF = YES;
				CLANG_WARN_OBJC_LITERAL_CONVERSION = YES;
				CLANG_WARN_OBJC_ROOT_CLASS = YES_ERROR;
				CLANG_WARN_QUOTED_INCLUDE_IN_FRAMEWORK_HEADER = YES;
				CLANG_WARN_RANGE_LOOP_ANALYSIS = YES;
				CLANG_WARN_STRICT_PROTOTYPES = YES;
				CLANG_WARN_SUSPICIOUS_MOVE = YES;
				CLANG_WARN_UNGUARDED_AVAILABILITY = YES_AGGRESSIVE;
				CLANG_WARN_UNREACHABLE_CODE = YES;
				CLANG_WARN__DUPLICATE_METHOD_MATCH = YES;
				COPY_PHASE_STRIP = NO;
				DEBUG_INFORMATION_FORMAT = dwarf;
				ENABLE_STRICT_OBJC_MSGSEND = YES;
				ENABLE_TESTABILITY = YES;
				GCC_C_LANGUAGE_STANDARD = gnu11;
				GCC_DYNAMIC_NO_PIC = NO;
				GCC_NO_COMMON_BLOCKS = YES;
				GCC_OPTIMIZATION_LEVEL = 0;
				GCC_PREPROCESSOR_DEFINITIONS = (
					"DEBUG=1",
					"$(inherited)",
				);
				GCC_WARN_64_TO_32_BIT_CONVERSION = YES;
				GCC_WARN_ABOUT_RETURN_TYPE = YES_ERROR;
				GCC_WARN_UNDECLARED_SELECTOR = YES;
				GCC_WARN_UNINITIALIZED_AUTOS = YES_AGGRESSIVE;
				GCC_WARN_UNUSED_FUNCTION = YES;
				GCC_WARN_UNUSED_VARIABLE = YES;
				IPHONEOS_DEPLOYMENT_TARGET = 16.2;
				MTL_ENABLE_DEBUG_INFO = INCLUDE_SOURCE;
				MTL_FAST_MATH = YES;
				ONLY_ACTIVE_ARCH = YES;
				SDKROOT = iphoneos;
				SWIFT_ACTIVE_COMPILATION_CONDITIONS = DEBUG;
				SWIFT_OPTIMIZATION_LEVEL = "-Onone";
			};
			name = Debug;
		};
		9AB50F2829DE8F4F00419B14 /* Release */ = {
			isa = XCBuildConfiguration;
			buildSettings = {
				ALWAYS_SEARCH_USER_PATHS = NO;
				CLANG_ANALYZER_NONNULL = YES;
				CLANG_ANALYZER_NUMBER_OBJECT_CONVERSION = YES_AGGRESSIVE;
				CLANG_CXX_LANGUAGE_STANDARD = "gnu++20";
				CLANG_ENABLE_MODULES = YES;
				CLANG_ENABLE_OBJC_ARC = YES;
				CLANG_ENABLE_OBJC_WEAK = YES;
				CLANG_WARN_BLOCK_CAPTURE_AUTORELEASING = YES;
				CLANG_WARN_BOOL_CONVERSION = YES;
				CLANG_WARN_COMMA = YES;
				CLANG_WARN_CONSTANT_CONVERSION = YES;
				CLANG_WARN_DEPRECATED_OBJC_IMPLEMENTATIONS = YES;
				CLANG_WARN_DIRECT_OBJC_ISA_USAGE = YES_ERROR;
				CLANG_WARN_DOCUMENTATION_COMMENTS = YES;
				CLANG_WARN_EMPTY_BODY = YES;
				CLANG_WARN_ENUM_CONVERSION = YES;
				CLANG_WARN_INFINITE_RECURSION = YES;
				CLANG_WARN_INT_CONVERSION = YES;
				CLANG_WARN_NON_LITERAL_NULL_CONVERSION = YES;
				CLANG_WARN_OBJC_IMPLICIT_RETAIN_SELF = YES;
				CLANG_WARN_OBJC_LITERAL_CONVERSION = YES;
				CLANG_WARN_OBJC_ROOT_CLASS = YES_ERROR;
				CLANG_WARN_QUOTED_INCLUDE_IN_FRAMEWORK_HEADER = YES;
				CLANG_WARN_RANGE_LOOP_ANALYSIS = YES;
				CLANG_WARN_STRICT_PROTOTYPES = YES;
				CLANG_WARN_SUSPICIOUS_MOVE = YES;
				CLANG_WARN_UNGUARDED_AVAILABILITY = YES_AGGRESSIVE;
				CLANG_WARN_UNREACHABLE_CODE = YES;
				CLANG_WARN__DUPLICATE_METHOD_MATCH = YES;
				COPY_PHASE_STRIP = NO;
				DEBUG_INFORMATION_FORMAT = "dwarf-with-dsym";
				ENABLE_NS_ASSERTIONS = NO;
				ENABLE_STRICT_OBJC_MSGSEND = YES;
				GCC_C_LANGUAGE_STANDARD = gnu11;
				GCC_NO_COMMON_BLOCKS = YES;
				GCC_WARN_64_TO_32_BIT_CONVERSION = YES;
				GCC_WARN_ABOUT_RETURN_TYPE = YES_ERROR;
				GCC_WARN_UNDECLARED_SELECTOR = YES;
				GCC_WARN_UNINITIALIZED_AUTOS = YES_AGGRESSIVE;
				GCC_WARN_UNUSED_FUNCTION = YES;
				GCC_WARN_UNUSED_VARIABLE = YES;
				IPHONEOS_DEPLOYMENT_TARGET = 16.2;
				MTL_ENABLE_DEBUG_INFO = NO;
				MTL_FAST_MATH = YES;
				SDKROOT = iphoneos;
				SWIFT_COMPILATION_MODE = wholemodule;
				SWIFT_OPTIMIZATION_LEVEL = "-O";
				VALIDATE_PRODUCT = YES;
			};
			name = Release;
		};
		9AB50F2A29DE8F4F00419B14 /* Debug */ = {
			isa = XCBuildConfiguration;
			buildSettings = {
				ASSETCATALOG_COMPILER_APPICON_NAME = AppIcon;
				ASSETCATALOG_COMPILER_GLOBAL_ACCENT_COLOR_NAME = AccentColor;
				CODE_SIGN_STYLE = Automatic;
				CURRENT_PROJECT_VERSION = 1;
				GENERATE_INFOPLIST_FILE = YES;
				INFOPLIST_FILE = ImageLoader/Info.plist;
				INFOPLIST_KEY_UIApplicationSupportsIndirectInputEvents = YES;
				INFOPLIST_KEY_UILaunchStoryboardName = LaunchScreen;
				INFOPLIST_KEY_UIMainStoryboardFile = Main;
				INFOPLIST_KEY_UISupportedInterfaceOrientations_iPad = "UIInterfaceOrientationPortrait UIInterfaceOrientationPortraitUpsideDown UIInterfaceOrientationLandscapeLeft UIInterfaceOrientationLandscapeRight";
				INFOPLIST_KEY_UISupportedInterfaceOrientations_iPhone = "UIInterfaceOrientationPortrait UIInterfaceOrientationLandscapeLeft UIInterfaceOrientationLandscapeRight";
				LD_RUNPATH_SEARCH_PATHS = (
					"$(inherited)",
					"@executable_path/Frameworks",
				);
				MARKETING_VERSION = 1.0;
				PRODUCT_BUNDLE_IDENTIFIER = com.rencheeraj.ImageLoader;
				PRODUCT_NAME = "$(TARGET_NAME)";
				SWIFT_EMIT_LOC_STRINGS = YES;
				SWIFT_VERSION = 5.0;
				TARGETED_DEVICE_FAMILY = "1,2";
			};
			name = Debug;
		};
		9AB50F2B29DE8F4F00419B14 /* Release */ = {
			isa = XCBuildConfiguration;
			buildSettings = {
				ASSETCATALOG_COMPILER_APPICON_NAME = AppIcon;
				ASSETCATALOG_COMPILER_GLOBAL_ACCENT_COLOR_NAME = AccentColor;
				CODE_SIGN_STYLE = Automatic;
				CURRENT_PROJECT_VERSION = 1;
				GENERATE_INFOPLIST_FILE = YES;
				INFOPLIST_FILE = ImageLoader/Info.plist;
				INFOPLIST_KEY_UIApplicationSupportsIndirectInputEvents = YES;
				INFOPLIST_KEY_UILaunchStoryboardName = LaunchScreen;
				INFOPLIST_KEY_UIMainStoryboardFile = Main;
				INFOPLIST_KEY_UISupportedInterfaceOrientations_iPad = "UIInterfaceOrientationPortrait UIInterfaceOrientationPortraitUpsideDown UIInterfaceOrientationLandscapeLeft UIInterfaceOrientationLandscapeRight";
				INFOPLIST_KEY_UISupportedInterfaceOrientations_iPhone = "UIInterfaceOrientationPortrait UIInterfaceOrientationLandscapeLeft UIInterfaceOrientationLandscapeRight";
				LD_RUNPATH_SEARCH_PATHS = (
					"$(inherited)",
					"@executable_path/Frameworks",
				);
				MARKETING_VERSION = 1.0;
				PRODUCT_BUNDLE_IDENTIFIER = com.rencheeraj.ImageLoader;
				PRODUCT_NAME = "$(TARGET_NAME)";
				SWIFT_EMIT_LOC_STRINGS = YES;
				SWIFT_VERSION = 5.0;
				TARGETED_DEVICE_FAMILY = "1,2";
			};
			name = Release;
		};
/* End XCBuildConfiguration section */

/* Begin XCConfigurationList section */
		9AB50F1029DE8F4D00419B14 /* Build configuration list for PBXProject "ImageLoader" */ = {
			isa = XCConfigurationList;
			buildConfigurations = (
				9AB50F2729DE8F4F00419B14 /* Debug */,
				9AB50F2829DE8F4F00419B14 /* Release */,
			);
			defaultConfigurationIsVisible = 0;
			defaultConfigurationName = Release;
		};
		9AB50F2929DE8F4F00419B14 /* Build configuration list for PBXNativeTarget "ImageLoader" */ = {
			isa = XCConfigurationList;
			buildConfigurations = (
				9AB50F2A29DE8F4F00419B14 /* Debug */,
				9AB50F2B29DE8F4F00419B14 /* Release */,
			);
			defaultConfigurationIsVisible = 0;
			defaultConfigurationName = Release;
		};
/* End XCConfigurationList section */

/* Begin XCRemoteSwiftPackageReference section */
		9AB50F3B29DEA73A00419B14 /* XCRemoteSwiftPackageReference "Kingfisher" */ = {
			isa = XCRemoteSwiftPackageReference;
			repositoryURL = "https://github.com/onevcat/Kingfisher.git";
			requirement = {
				kind = upToNextMajorVersion;
				minimumVersion = 7.0.0;
			};
		};
/* End XCRemoteSwiftPackageReference section */

/* Begin XCSwiftPackageProductDependency section */
		9AB50F3C29DEA73A00419B14 /* Kingfisher */ = {
			isa = XCSwiftPackageProductDependency;
			package = 9AB50F3B29DEA73A00419B14 /* XCRemoteSwiftPackageReference "Kingfisher" */;
			productName = Kingfisher;
		};
/* End XCSwiftPackageProductDependency section */
	};
	rootObject = 9AB50F0D29DE8F4D00419B14 /* Project object */;
}
